
Microsoft Visual Studio Solution File, Format Version 12.00
# Visual Studio Version 17
VisualStudioVersion = 17.0.31903.59
MinimumVisualStudioVersion = 10.0.40219.1
Project("{FAE04EC0-301F-11D3-BF4B-00C04F79EFBC}") = "wpf_demo1", "wpf_demo1\wpf_demo1.csproj", "{F7CDEEFF-FE70-4FCB-BF46-3A1DA57B2B9A}"
EndProject
Global
	GlobalSection(SolutionConfigurationPlatforms) = preSolution
		Debug|Any CPU = Debug|Any CPU
		Release|Any CPU = Release|Any CPU
	EndGlobalSection
	GlobalSection(ProjectConfigurationPlatforms) = postSolution
		{F7CDEEFF-FE70-4FCB-BF46-3A1DA57B2B9A}.Debug|Any CPU.ActiveCfg = Debug|Any CPU
		{F7CDEEFF-FE70-4FCB-BF46-3A1DA57B2B9A}.Debug|Any CPU.Build.0 = Debug|Any CPU
		{F7CDEEFF-FE70-4FCB-BF46-3A1DA57B2B9A}.Release|Any CPU.ActiveCfg = Release|Any CPU
		{F7CDEEFF-FE70-4FCB-BF46-3A1DA57B2B9A}.Release|Any CPU.Build.0 = Release|Any CPU
	EndGlobalSection
	GlobalSection(SolutionProperties) = preSolution
		HideSolutionNode = FALSE
	EndGlobalSection
	GlobalSection(ExtensibilityGlobals) = postSolution
		SolutionGuid = {B0056971-27AD-4B19-A251-CB8F852D0DE1}
	EndGlobalSection
EndGlobal
